// !$*UTF8*$!
{
	archiveVersion = 1;
	classes = {
	};
	objectVersion = 46;
	objects = {

/* Begin PBXAggregateTarget section */
		5FCB2D891E7C3A9E00190E06 /* APSlidableTabPageControllerFramework_tvOS */ = {
			isa = PBXAggregateTarget;
			buildConfigurationList = 5FCB2D8C1E7C3A9E00190E06 /* Build configuration list for PBXAggregateTarget "APSlidableTabPageControllerFramework_tvOS" */;
			buildPhases = (
				5FCB2D8F1E7C3ADE00190E06 /* Build fat framework */,
			);
			dependencies = (
				5FCB2D8E1E7C3AAD00190E06 /* PBXTargetDependency */,
			);
			name = APSlidableTabPageControllerFramework_tvOS;
			productName = tvOS_Framework;
		};
		5FCB2D901E7C3E9000190E06 /* APSlidableTabPageControllerFramework_iOS */ = {
			isa = PBXAggregateTarget;
			buildConfigurationList = 5FCB2D911E7C3E9000190E06 /* Build configuration list for PBXAggregateTarget "APSlidableTabPageControllerFramework_iOS" */;
			buildPhases = (
				5FCB2D971E7C3EB400190E06 /* Build fat framework */,
			);
			dependencies = (
				5FCB2D951E7C3E9400190E06 /* PBXTargetDependency */,
			);
			name = APSlidableTabPageControllerFramework_iOS;
			productName = APSlidableTabPageControllerFramework_iOS;
		};
/* End PBXAggregateTarget section */

/* Begin PBXBuildFile section */
		5F378C7B1E79A429008CCE51 /* APSlidableTabPageController+tvOS.swift in Sources */ = {isa = PBXBuildFile; fileRef = 5F378C7A1E79A429008CCE51 /* APSlidableTabPageController+tvOS.swift */; };
		5F4D24B81E798BD300246989 /* APSlidableTabPageController.h in Headers */ = {isa = PBXBuildFile; fileRef = 5F4D24B01E798BD300246989 /* APSlidableTabPageController.h */; settings = {ATTRIBUTES = (Public, ); }; };
		5F4D24B91E798BD300246989 /* APSlidableTabPageController.swift in Sources */ = {isa = PBXBuildFile; fileRef = 5F4D24B21E798BD300246989 /* APSlidableTabPageController.swift */; };
		5F4D24BB1E798BD300246989 /* UIScrollView+Utils.swift in Sources */ = {isa = PBXBuildFile; fileRef = 5F4D24B51E798BD300246989 /* UIScrollView+Utils.swift */; };
		5F4D24BC1E798BD300246989 /* UIView+LayoutUtils.swift in Sources */ = {isa = PBXBuildFile; fileRef = 5F4D24B61E798BD300246989 /* UIView+LayoutUtils.swift */; };
		5F4D24BE1E798C6100246989 /* APSlidableTabPageController.swift in Sources */ = {isa = PBXBuildFile; fileRef = 5F4D24B21E798BD300246989 /* APSlidableTabPageController.swift */; };
		5F4D24C01E798C6800246989 /* UIScrollView+Utils.swift in Sources */ = {isa = PBXBuildFile; fileRef = 5F4D24B51E798BD300246989 /* UIScrollView+Utils.swift */; };
		5F4D24C11E798C6B00246989 /* UIView+LayoutUtils.swift in Sources */ = {isa = PBXBuildFile; fileRef = 5F4D24B61E798BD300246989 /* UIView+LayoutUtils.swift */; };
		5F4D24C31E798C7800246989 /* APSlidableTabPageController.h in Headers */ = {isa = PBXBuildFile; fileRef = 5F4D24B01E798BD300246989 /* APSlidableTabPageController.h */; settings = {ATTRIBUTES = (Public, ); }; };
		5F4D24C61E798D9000246989 /* APSlidableTabPageController.xib in Resources */ = {isa = PBXBuildFile; fileRef = 5F4D24C51E798D9000246989 /* APSlidableTabPageController.xib */; };
		5F4D24C91E798DC200246989 /* APSlidableTabPageController.xib in Resources */ = {isa = PBXBuildFile; fileRef = 5F4D24C81E798DC200246989 /* APSlidableTabPageController.xib */; };
		5F7770831E7BD1F0009A973B /* APIndexBarElementView.swift in Sources */ = {isa = PBXBuildFile; fileRef = 5F7770821E7BD1F0009A973B /* APIndexBarElementView.swift */; };
		5F7770841E7BD1F0009A973B /* APIndexBarElementView.swift in Sources */ = {isa = PBXBuildFile; fileRef = 5F7770821E7BD1F0009A973B /* APIndexBarElementView.swift */; };
/* End PBXBuildFile section */

/* Begin PBXContainerItemProxy section */
		5FCB2D8D1E7C3AAD00190E06 /* PBXContainerItemProxy */ = {
			isa = PBXContainerItemProxy;
			containerPortal = 5FA8E4EE1C50F41400DCE0E5 /* Project object */;
			proxyType = 1;
			remoteGlobalIDString = 5F4D24971E798A1200246989;
			remoteInfo = APSlidableTabPageController_tvOS;
		};
		5FCB2D941E7C3E9400190E06 /* PBXContainerItemProxy */ = {
			isa = PBXContainerItemProxy;
			containerPortal = 5FA8E4EE1C50F41400DCE0E5 /* Project object */;
			proxyType = 1;
			remoteGlobalIDString = 5FA8E4F61C50F41400DCE0E5;
			remoteInfo = APSlidableTabPageController_iOS;
		};
/* End PBXContainerItemProxy section */

/* Begin PBXFileReference section */
		5F378C7A1E79A429008CCE51 /* APSlidableTabPageController+tvOS.swift */ = {isa = PBXFileReference; fileEncoding = 4; lastKnownFileType = sourcecode.swift; path = "APSlidableTabPageController+tvOS.swift"; sourceTree = "<group>"; };
		5F4D24981E798A1200246989 /* APSlidableTabPageController.framework */ = {isa = PBXFileReference; explicitFileType = wrapper.framework; includeInIndex = 0; path = APSlidableTabPageController.framework; sourceTree = BUILT_PRODUCTS_DIR; };
		5F4D24B01E798BD300246989 /* APSlidableTabPageController.h */ = {isa = PBXFileReference; fileEncoding = 4; lastKnownFileType = sourcecode.c.h; path = APSlidableTabPageController.h; sourceTree = "<group>"; };
		5F4D24B21E798BD300246989 /* APSlidableTabPageController.swift */ = {isa = PBXFileReference; fileEncoding = 4; lastKnownFileType = sourcecode.swift; path = APSlidableTabPageController.swift; sourceTree = "<group>"; };
		5F4D24B51E798BD300246989 /* UIScrollView+Utils.swift */ = {isa = PBXFileReference; fileEncoding = 4; lastKnownFileType = sourcecode.swift; path = "UIScrollView+Utils.swift"; sourceTree = "<group>"; };
		5F4D24B61E798BD300246989 /* UIView+LayoutUtils.swift */ = {isa = PBXFileReference; fileEncoding = 4; lastKnownFileType = sourcecode.swift; path = "UIView+LayoutUtils.swift"; sourceTree = "<group>"; };
		5F4D24B71E798BD300246989 /* Info.plist */ = {isa = PBXFileReference; fileEncoding = 4; lastKnownFileType = text.plist.xml; path = Info.plist; sourceTree = "<group>"; };
		5F4D24C51E798D9000246989 /* APSlidableTabPageController.xib */ = {isa = PBXFileReference; fileEncoding = 4; lastKnownFileType = file.xib; path = APSlidableTabPageController.xib; sourceTree = "<group>"; };
		5F4D24C81E798DC200246989 /* APSlidableTabPageController.xib */ = {isa = PBXFileReference; fileEncoding = 4; lastKnownFileType = file.xib; path = APSlidableTabPageController.xib; sourceTree = "<group>"; };
		5F7770821E7BD1F0009A973B /* APIndexBarElementView.swift */ = {isa = PBXFileReference; fileEncoding = 4; lastKnownFileType = sourcecode.swift; path = APIndexBarElementView.swift; sourceTree = "<group>"; };
		5FA8E4F71C50F41400DCE0E5 /* APSlidableTabPageController.framework */ = {isa = PBXFileReference; explicitFileType = wrapper.framework; includeInIndex = 0; path = APSlidableTabPageController.framework; sourceTree = BUILT_PRODUCTS_DIR; };
/* End PBXFileReference section */

/* Begin PBXFrameworksBuildPhase section */
		5F4D24941E798A1200246989 /* Frameworks */ = {
			isa = PBXFrameworksBuildPhase;
			buildActionMask = 2147483647;
			files = (
			);
			runOnlyForDeploymentPostprocessing = 0;
		};
		5FA8E4F31C50F41400DCE0E5 /* Frameworks */ = {
			isa = PBXFrameworksBuildPhase;
			buildActionMask = 2147483647;
			files = (
			);
			runOnlyForDeploymentPostprocessing = 0;
		};
/* End PBXFrameworksBuildPhase section */

/* Begin PBXGroup section */
		5F4D24AF1E798BD300246989 /* Common */ = {
			isa = PBXGroup;
			children = (
				5F4D24B01E798BD300246989 /* APSlidableTabPageController.h */,
				5F4D24B71E798BD300246989 /* Info.plist */,
				5F4D24B11E798BD300246989 /* Controllers */,
				5F4D24B41E798BD300246989 /* Extensions */,
				5F7770811E7BD1CE009A973B /* Views */,
			);
			path = Common;
			sourceTree = "<group>";
		};
		5F4D24B11E798BD300246989 /* Controllers */ = {
			isa = PBXGroup;
			children = (
				5F4D24B21E798BD300246989 /* APSlidableTabPageController.swift */,
			);
			path = Controllers;
			sourceTree = "<group>";
		};
		5F4D24B41E798BD300246989 /* Extensions */ = {
			isa = PBXGroup;
			children = (
				5F4D24B51E798BD300246989 /* UIScrollView+Utils.swift */,
				5F4D24B61E798BD300246989 /* UIView+LayoutUtils.swift */,
			);
			path = Extensions;
			sourceTree = "<group>";
		};
		5F4D24C41E798D9000246989 /* iOS */ = {
			isa = PBXGroup;
			children = (
				5F4D24C51E798D9000246989 /* APSlidableTabPageController.xib */,
			);
			path = iOS;
			sourceTree = "<group>";
		};
		5F4D24C71E798DA400246989 /* tvOS */ = {
			isa = PBXGroup;
			children = (
				5F4D24C81E798DC200246989 /* APSlidableTabPageController.xib */,
				5F378C7A1E79A429008CCE51 /* APSlidableTabPageController+tvOS.swift */,
			);
			path = tvOS;
			sourceTree = "<group>";
		};
		5F7770811E7BD1CE009A973B /* Views */ = {
			isa = PBXGroup;
			children = (
				5F7770821E7BD1F0009A973B /* APIndexBarElementView.swift */,
			);
			path = Views;
			sourceTree = "<group>";
		};
		5FA8E4ED1C50F41400DCE0E5 = {
			isa = PBXGroup;
			children = (
				5F4D24C71E798DA400246989 /* tvOS */,
				5F4D24C41E798D9000246989 /* iOS */,
				5F4D24AF1E798BD300246989 /* Common */,
				5FA8E4F81C50F41400DCE0E5 /* Products */,
			);
			sourceTree = "<group>";
		};
		5FA8E4F81C50F41400DCE0E5 /* Products */ = {
			isa = PBXGroup;
			children = (
				5FA8E4F71C50F41400DCE0E5 /* APSlidableTabPageController.framework */,
				5F4D24981E798A1200246989 /* APSlidableTabPageController.framework */,
			);
			name = Products;
			sourceTree = "<group>";
		};
/* End PBXGroup section */

/* Begin PBXHeadersBuildPhase section */
		5F4D24951E798A1200246989 /* Headers */ = {
			isa = PBXHeadersBuildPhase;
			buildActionMask = 2147483647;
			files = (
				5F4D24C31E798C7800246989 /* APSlidableTabPageController.h in Headers */,
			);
			runOnlyForDeploymentPostprocessing = 0;
		};
		5FA8E4F41C50F41400DCE0E5 /* Headers */ = {
			isa = PBXHeadersBuildPhase;
			buildActionMask = 2147483647;
			files = (
				5F4D24B81E798BD300246989 /* APSlidableTabPageController.h in Headers */,
			);
			runOnlyForDeploymentPostprocessing = 0;
		};
/* End PBXHeadersBuildPhase section */

/* Begin PBXNativeTarget section */
		5F4D24971E798A1200246989 /* APSlidableTabPageController_tvOS */ = {
			isa = PBXNativeTarget;
			buildConfigurationList = 5F4D24AD1E798A1200246989 /* Build configuration list for PBXNativeTarget "APSlidableTabPageController_tvOS" */;
			buildPhases = (
				5F4D24931E798A1200246989 /* Sources */,
				5F4D24941E798A1200246989 /* Frameworks */,
				5F4D24951E798A1200246989 /* Headers */,
				5F4D24961E798A1200246989 /* Resources */,
			);
			buildRules = (
			);
			dependencies = (
			);
			name = APSlidableTabPageController_tvOS;
			productName = "APSlidableTabPageController-tvOS";
			productReference = 5F4D24981E798A1200246989 /* APSlidableTabPageController.framework */;
			productType = "com.apple.product-type.framework";
		};
		5FA8E4F61C50F41400DCE0E5 /* APSlidableTabPageController_iOS */ = {
			isa = PBXNativeTarget;
			buildConfigurationList = 5FA8E4FF1C50F41400DCE0E5 /* Build configuration list for PBXNativeTarget "APSlidableTabPageController_iOS" */;
			buildPhases = (
				5FA8E4F21C50F41400DCE0E5 /* Sources */,
				5FA8E4F31C50F41400DCE0E5 /* Frameworks */,
				5FA8E4F41C50F41400DCE0E5 /* Headers */,
				5FA8E4F51C50F41400DCE0E5 /* Resources */,
			);
			buildRules = (
			);
			dependencies = (
			);
			name = APSlidableTabPageController_iOS;
			productName = APSlidableTabPageController;
			productReference = 5FA8E4F71C50F41400DCE0E5 /* APSlidableTabPageController.framework */;
			productType = "com.apple.product-type.framework";
		};
/* End PBXNativeTarget section */

/* Begin PBXProject section */
		5FA8E4EE1C50F41400DCE0E5 /* Project object */ = {
			isa = PBXProject;
			attributes = {
				LastSwiftUpdateCheck = 0830;
				LastUpgradeCheck = 0930;
				ORGANIZATIONNAME = Apegroup;
				TargetAttributes = {
					5F4D24971E798A1200246989 = {
						CreatedOnToolsVersion = 8.3;
						LastSwiftMigration = 0900;
						ProvisioningStyle = Automatic;
					};
					5FA8E4F61C50F41400DCE0E5 = {
						CreatedOnToolsVersion = 7.2;
						LastSwiftMigration = 0900;
						ProvisioningStyle = Automatic;
					};
					5FCB2D891E7C3A9E00190E06 = {
						CreatedOnToolsVersion = 8.3;
						ProvisioningStyle = Automatic;
					};
					5FCB2D901E7C3E9000190E06 = {
						CreatedOnToolsVersion = 8.3;
						ProvisioningStyle = Automatic;
					};
				};
			};
			buildConfigurationList = 5FA8E4F11C50F41400DCE0E5 /* Build configuration list for PBXProject "APSlidableTabPageController" */;
			compatibilityVersion = "Xcode 3.2";
			developmentRegion = English;
			hasScannedForEncodings = 0;
			knownRegions = (
				en,
			);
			mainGroup = 5FA8E4ED1C50F41400DCE0E5;
			productRefGroup = 5FA8E4F81C50F41400DCE0E5 /* Products */;
			projectDirPath = "";
			projectRoot = "";
			targets = (
				5FA8E4F61C50F41400DCE0E5 /* APSlidableTabPageController_iOS */,
				5F4D24971E798A1200246989 /* APSlidableTabPageController_tvOS */,
				5FCB2D891E7C3A9E00190E06 /* APSlidableTabPageControllerFramework_tvOS */,
				5FCB2D901E7C3E9000190E06 /* APSlidableTabPageControllerFramework_iOS */,
			);
		};
/* End PBXProject section */

/* Begin PBXResourcesBuildPhase section */
		5F4D24961E798A1200246989 /* Resources */ = {
			isa = PBXResourcesBuildPhase;
			buildActionMask = 2147483647;
			files = (
				5F4D24C91E798DC200246989 /* APSlidableTabPageController.xib in Resources */,
			);
			runOnlyForDeploymentPostprocessing = 0;
		};
		5FA8E4F51C50F41400DCE0E5 /* Resources */ = {
			isa = PBXResourcesBuildPhase;
			buildActionMask = 2147483647;
			files = (
				5F4D24C61E798D9000246989 /* APSlidableTabPageController.xib in Resources */,
			);
			runOnlyForDeploymentPostprocessing = 0;
		};
/* End PBXResourcesBuildPhase section */

/* Begin PBXShellScriptBuildPhase section */
		5FCB2D8F1E7C3ADE00190E06 /* Build fat framework */ = {
			isa = PBXShellScriptBuildPhase;
			buildActionMask = 2147483647;
			files = (
			);
			inputPaths = (
			);
			name = "Build fat framework";
			outputPaths = (
			);
			runOnlyForDeploymentPostprocessing = 0;
			shellPath = /bin/sh;
			shellScript = "OBJROOT=\"${OBJROOT}/DependentBuilds\"\n${PROJECT_DIR}/build-fat-framework.sh\n";
		};
		5FCB2D971E7C3EB400190E06 /* Build fat framework */ = {
			isa = PBXShellScriptBuildPhase;
			buildActionMask = 2147483647;
			files = (
			);
			inputPaths = (
			);
			name = "Build fat framework";
			outputPaths = (
			);
			runOnlyForDeploymentPostprocessing = 0;
			shellPath = /bin/sh;
			shellScript = "OBJROOT=\"${OBJROOT}/DependentBuilds\"\n${PROJECT_DIR}/build-fat-framework.sh\n";
		};
/* End PBXShellScriptBuildPhase section */

/* Begin PBXSourcesBuildPhase section */
		5F4D24931E798A1200246989 /* Sources */ = {
			isa = PBXSourcesBuildPhase;
			buildActionMask = 2147483647;
			files = (
				5F4D24BE1E798C6100246989 /* APSlidableTabPageController.swift in Sources */,
				5F378C7B1E79A429008CCE51 /* APSlidableTabPageController+tvOS.swift in Sources */,
				5F4D24C01E798C6800246989 /* UIScrollView+Utils.swift in Sources */,
				5F4D24C11E798C6B00246989 /* UIView+LayoutUtils.swift in Sources */,
				5F7770841E7BD1F0009A973B /* APIndexBarElementView.swift in Sources */,
			);
			runOnlyForDeploymentPostprocessing = 0;
		};
		5FA8E4F21C50F41400DCE0E5 /* Sources */ = {
			isa = PBXSourcesBuildPhase;
			buildActionMask = 2147483647;
			files = (
				5F4D24B91E798BD300246989 /* APSlidableTabPageController.swift in Sources */,
				5F4D24BB1E798BD300246989 /* UIScrollView+Utils.swift in Sources */,
				5F7770831E7BD1F0009A973B /* APIndexBarElementView.swift in Sources */,
				5F4D24BC1E798BD300246989 /* UIView+LayoutUtils.swift in Sources */,
			);
			runOnlyForDeploymentPostprocessing = 0;
		};
/* End PBXSourcesBuildPhase section */

/* Begin PBXTargetDependency section */
		5FCB2D8E1E7C3AAD00190E06 /* PBXTargetDependency */ = {
			isa = PBXTargetDependency;
			target = 5F4D24971E798A1200246989 /* APSlidableTabPageController_tvOS */;
			targetProxy = 5FCB2D8D1E7C3AAD00190E06 /* PBXContainerItemProxy */;
		};
		5FCB2D951E7C3E9400190E06 /* PBXTargetDependency */ = {
			isa = PBXTargetDependency;
			target = 5FA8E4F61C50F41400DCE0E5 /* APSlidableTabPageController_iOS */;
			targetProxy = 5FCB2D941E7C3E9400190E06 /* PBXContainerItemProxy */;
		};
/* End PBXTargetDependency section */

/* Begin XCBuildConfiguration section */
		5F4D24A91E798A1200246989 /* Debug */ = {
			isa = XCBuildConfiguration;
			buildSettings = {
				CLANG_ANALYZER_NONNULL = YES;
				CLANG_WARN_DOCUMENTATION_COMMENTS = YES;
				CODE_SIGN_IDENTITY = "";
				DEFINES_MODULE = YES;
				DEVELOPMENT_TEAM = "";
				DYLIB_COMPATIBILITY_VERSION = 1;
				DYLIB_CURRENT_VERSION = 1;
				DYLIB_INSTALL_NAME_BASE = "@rpath";
				INFOPLIST_FILE = Common/Info.plist;
				INSTALL_PATH = "$(LOCAL_LIBRARY_DIR)/Frameworks";
				LD_RUNPATH_SEARCH_PATHS = "$(inherited) @executable_path/Frameworks @loader_path/Frameworks";
				PRODUCT_BUNDLE_IDENTIFIER = se.magmag.SlidableTabPageController;
				PRODUCT_NAME = APSlidableTabPageController;
				SDKROOT = appletvos;
				SKIP_INSTALL = YES;
				SWIFT_ACTIVE_COMPILATION_CONDITIONS = DEBUG;
				TARGETED_DEVICE_FAMILY = 3;
				TVOS_DEPLOYMENT_TARGET = 10.2;
			};
			name = Debug;
		};
		5F4D24AA1E798A1200246989 /* Release */ = {
			isa = XCBuildConfiguration;
			buildSettings = {
				CLANG_ANALYZER_NONNULL = YES;
				CLANG_WARN_DOCUMENTATION_COMMENTS = YES;
				CODE_SIGN_IDENTITY = "";
				DEFINES_MODULE = YES;
				DEVELOPMENT_TEAM = "";
				DYLIB_COMPATIBILITY_VERSION = 1;
				DYLIB_CURRENT_VERSION = 1;
				DYLIB_INSTALL_NAME_BASE = "@rpath";
				INFOPLIST_FILE = Common/Info.plist;
				INSTALL_PATH = "$(LOCAL_LIBRARY_DIR)/Frameworks";
				LD_RUNPATH_SEARCH_PATHS = "$(inherited) @executable_path/Frameworks @loader_path/Frameworks";
				PRODUCT_BUNDLE_IDENTIFIER = se.magmag.SlidableTabPageController;
				PRODUCT_NAME = APSlidableTabPageController;
				SDKROOT = appletvos;
				SKIP_INSTALL = YES;
				SWIFT_OPTIMIZATION_LEVEL = "-Owholemodule";
				TARGETED_DEVICE_FAMILY = 3;
				TVOS_DEPLOYMENT_TARGET = 10.2;
			};
			name = Release;
		};
		5FA8E4FD1C50F41400DCE0E5 /* Debug */ = {
			isa = XCBuildConfiguration;
			buildSettings = {
				ALWAYS_SEARCH_USER_PATHS = NO;
				CLANG_ANALYZER_NUMBER_OBJECT_CONVERSION = YES_AGGRESSIVE;
				CLANG_CXX_LANGUAGE_STANDARD = "gnu++0x";
				CLANG_CXX_LIBRARY = "libc++";
				CLANG_ENABLE_MODULES = YES;
				CLANG_ENABLE_OBJC_ARC = YES;
				CLANG_WARN_BLOCK_CAPTURE_AUTORELEASING = YES;
				CLANG_WARN_BOOL_CONVERSION = YES;
				CLANG_WARN_COMMA = YES;
				CLANG_WARN_CONSTANT_CONVERSION = YES;
				CLANG_WARN_DEPRECATED_OBJC_IMPLEMENTATIONS = YES;
				CLANG_WARN_DIRECT_OBJC_ISA_USAGE = YES_ERROR;
				CLANG_WARN_EMPTY_BODY = YES;
				CLANG_WARN_ENUM_CONVERSION = YES;
				CLANG_WARN_INFINITE_RECURSION = YES;
				CLANG_WARN_INT_CONVERSION = YES;
				CLANG_WARN_NON_LITERAL_NULL_CONVERSION = YES;
				CLANG_WARN_OBJC_IMPLICIT_RETAIN_SELF = YES;
				CLANG_WARN_OBJC_LITERAL_CONVERSION = YES;
				CLANG_WARN_OBJC_ROOT_CLASS = YES_ERROR;
				CLANG_WARN_RANGE_LOOP_ANALYSIS = YES;
				CLANG_WARN_STRICT_PROTOTYPES = YES;
				CLANG_WARN_SUSPICIOUS_MOVE = YES;
				CLANG_WARN_UNREACHABLE_CODE = YES;
				CLANG_WARN__DUPLICATE_METHOD_MATCH = YES;
				"CODE_SIGN_IDENTITY[sdk=iphoneos*]" = "iPhone Developer";
				COPY_PHASE_STRIP = NO;
				CURRENT_PROJECT_VERSION = 1;
				DEBUG_INFORMATION_FORMAT = dwarf;
				ENABLE_STRICT_OBJC_MSGSEND = YES;
				ENABLE_TESTABILITY = YES;
				GCC_C_LANGUAGE_STANDARD = gnu99;
				GCC_DYNAMIC_NO_PIC = NO;
				GCC_NO_COMMON_BLOCKS = YES;
				GCC_OPTIMIZATION_LEVEL = 0;
				GCC_PREPROCESSOR_DEFINITIONS = (
					"DEBUG=1",
					"$(inherited)",
				);
				GCC_WARN_64_TO_32_BIT_CONVERSION = YES;
				GCC_WARN_ABOUT_RETURN_TYPE = YES_ERROR;
				GCC_WARN_UNDECLARED_SELECTOR = YES;
				GCC_WARN_UNINITIALIZED_AUTOS = YES_AGGRESSIVE;
				GCC_WARN_UNUSED_FUNCTION = YES;
				GCC_WARN_UNUSED_VARIABLE = YES;
				MTL_ENABLE_DEBUG_INFO = YES;
				ONLY_ACTIVE_ARCH = YES;
				SDKROOT = iphoneos;
				SWIFT_OPTIMIZATION_LEVEL = "-Onone";
				SWIFT_VERSION = 4.2;
				TARGETED_DEVICE_FAMILY = "1,2";
				VERSIONING_SYSTEM = "apple-generic";
				VERSION_INFO_PREFIX = "";
			};
			name = Debug;
		};
		5FA8E4FE1C50F41400DCE0E5 /* Release */ = {
			isa = XCBuildConfiguration;
			buildSettings = {
				ALWAYS_SEARCH_USER_PATHS = NO;
				CLANG_ANALYZER_NUMBER_OBJECT_CONVERSION = YES_AGGRESSIVE;
				CLANG_CXX_LANGUAGE_STANDARD = "gnu++0x";
				CLANG_CXX_LIBRARY = "libc++";
				CLANG_ENABLE_MODULES = YES;
				CLANG_ENABLE_OBJC_ARC = YES;
				CLANG_WARN_BLOCK_CAPTURE_AUTORELEASING = YES;
				CLANG_WARN_BOOL_CONVERSION = YES;
				CLANG_WARN_COMMA = YES;
				CLANG_WARN_CONSTANT_CONVERSION = YES;
				CLANG_WARN_DEPRECATED_OBJC_IMPLEMENTATIONS = YES;
				CLANG_WARN_DIRECT_OBJC_ISA_USAGE = YES_ERROR;
				CLANG_WARN_EMPTY_BODY = YES;
				CLANG_WARN_ENUM_CONVERSION = YES;
				CLANG_WARN_INFINITE_RECURSION = YES;
				CLANG_WARN_INT_CONVERSION = YES;
				CLANG_WARN_NON_LITERAL_NULL_CONVERSION = YES;
				CLANG_WARN_OBJC_IMPLICIT_RETAIN_SELF = YES;
				CLANG_WARN_OBJC_LITERAL_CONVERSION = YES;
				CLANG_WARN_OBJC_ROOT_CLASS = YES_ERROR;
				CLANG_WARN_RANGE_LOOP_ANALYSIS = YES;
				CLANG_WARN_STRICT_PROTOTYPES = YES;
				CLANG_WARN_SUSPICIOUS_MOVE = YES;
				CLANG_WARN_UNREACHABLE_CODE = YES;
				CLANG_WARN__DUPLICATE_METHOD_MATCH = YES;
				"CODE_SIGN_IDENTITY[sdk=iphoneos*]" = "iPhone Developer";
				COPY_PHASE_STRIP = NO;
				CURRENT_PROJECT_VERSION = 1;
				DEBUG_INFORMATION_FORMAT = "dwarf-with-dsym";
				ENABLE_NS_ASSERTIONS = NO;
				ENABLE_STRICT_OBJC_MSGSEND = YES;
				GCC_C_LANGUAGE_STANDARD = gnu99;
				GCC_NO_COMMON_BLOCKS = YES;
				GCC_WARN_64_TO_32_BIT_CONVERSION = YES;
				GCC_WARN_ABOUT_RETURN_TYPE = YES_ERROR;
				GCC_WARN_UNDECLARED_SELECTOR = YES;
				GCC_WARN_UNINITIALIZED_AUTOS = YES_AGGRESSIVE;
				GCC_WARN_UNUSED_FUNCTION = YES;
				GCC_WARN_UNUSED_VARIABLE = YES;
				MTL_ENABLE_DEBUG_INFO = NO;
				SDKROOT = iphoneos;
				SWIFT_OPTIMIZATION_LEVEL = "-Owholemodule";
				SWIFT_VERSION = 4.2;
				TARGETED_DEVICE_FAMILY = "1,2";
				VALIDATE_PRODUCT = YES;
				VERSIONING_SYSTEM = "apple-generic";
				VERSION_INFO_PREFIX = "";
			};
			name = Release;
		};
		5FA8E5001C50F41400DCE0E5 /* Debug */ = {
			isa = XCBuildConfiguration;
			buildSettings = {
				"CODE_SIGN_IDENTITY[sdk=iphoneos*]" = "";
				DEFINES_MODULE = YES;
				DEVELOPMENT_TEAM = "";
				DYLIB_COMPATIBILITY_VERSION = 1;
				DYLIB_CURRENT_VERSION = 1;
				DYLIB_INSTALL_NAME_BASE = "@rpath";
				INFOPLIST_FILE = Common/Info.plist;
				INSTALL_PATH = "$(LOCAL_LIBRARY_DIR)/Frameworks";
				IPHONEOS_DEPLOYMENT_TARGET = 9.0;
				LD_RUNPATH_SEARCH_PATHS = "$(inherited) @executable_path/Frameworks @loader_path/Frameworks";
				PRODUCT_BUNDLE_IDENTIFIER = se.magmag.SlidableTabPageController;
				PRODUCT_NAME = APSlidableTabPageController;
				PROVISIONING_PROFILE_SPECIFIER = "";
				SKIP_INSTALL = YES;
			};
			name = Debug;
		};
		5FA8E5011C50F41400DCE0E5 /* Release */ = {
			isa = XCBuildConfiguration;
			buildSettings = {
				"CODE_SIGN_IDENTITY[sdk=iphoneos*]" = "";
				DEFINES_MODULE = YES;
				DEVELOPMENT_TEAM = "";
				DYLIB_COMPATIBILITY_VERSION = 1;
				DYLIB_CURRENT_VERSION = 1;
				DYLIB_INSTALL_NAME_BASE = "@rpath";
				INFOPLIST_FILE = Common/Info.plist;
				INSTALL_PATH = "$(LOCAL_LIBRARY_DIR)/Frameworks";
				IPHONEOS_DEPLOYMENT_TARGET = 9.0;
				LD_RUNPATH_SEARCH_PATHS = "$(inherited) @executable_path/Frameworks @loader_path/Frameworks";
				PRODUCT_BUNDLE_IDENTIFIER = se.magmag.SlidableTabPageController;
				PRODUCT_NAME = APSlidableTabPageController;
				PROVISIONING_PROFILE_SPECIFIER = "";
				SKIP_INSTALL = YES;
				SWIFT_OPTIMIZATION_LEVEL = "-Owholemodule";
			};
			name = Release;
		};
		5FCB2D8A1E7C3A9E00190E06 /* Debug */ = {
			isa = XCBuildConfiguration;
			buildSettings = {
				PRODUCT_NAME = "$(TARGET_NAME)";
				SDKROOT = appletvos;
				SUPPORTED_PLATFORMS = "appletvsimulator appletvos";
				VALID_ARCHS = arm64;
			};
			name = Debug;
		};
		5FCB2D8B1E7C3A9E00190E06 /* Release */ = {
			isa = XCBuildConfiguration;
			buildSettings = {
				PRODUCT_NAME = "$(TARGET_NAME)";
				SDKROOT = appletvos;
				SUPPORTED_PLATFORMS = "appletvsimulator appletvos";
				VALID_ARCHS = arm64;
			};
			name = Release;
		};
		5FCB2D921E7C3E9000190E06 /* Debug */ = {
			isa = XCBuildConfiguration;
			buildSettings = {
				PRODUCT_NAME = "$(TARGET_NAME)";
			};
			name = Debug;
		};
		5FCB2D931E7C3E9000190E06 /* Release */ = {
			isa = XCBuildConfiguration;
			buildSettings = {
				PRODUCT_NAME = "$(TARGET_NAME)";
			};
			name = Release;
		};
/* End XCBuildConfiguration section */

/* Begin XCConfigurationList section */
		5F4D24AD1E798A1200246989 /* Build configuration list for PBXNativeTarget "APSlidableTabPageController_tvOS" */ = {
			isa = XCConfigurationList;
			buildConfigurations = (
				5F4D24A91E798A1200246989 /* Debug */,
				5F4D24AA1E798A1200246989 /* Release */,
			);
			defaultConfigurationIsVisible = 0;
			defaultConfigurationName = Release;
		};
		5FA8E4F11C50F41400DCE0E5 /* Build configuration list for PBXProject "APSlidableTabPageController" */ = {
			isa = XCConfigurationList;
			buildConfigurations = (
				5FA8E4FD1C50F41400DCE0E5 /* Debug */,
				5FA8E4FE1C50F41400DCE0E5 /* Release */,
			);
			defaultConfigurationIsVisible = 0;
			defaultConfigurationName = Release;
		};
		5FA8E4FF1C50F41400DCE0E5 /* Build configuration list for PBXNativeTarget "APSlidableTabPageController_iOS" */ = {
			isa = XCConfigurationList;
			buildConfigurations = (
				5FA8E5001C50F41400DCE0E5 /* Debug */,
				5FA8E5011C50F41400DCE0E5 /* Release */,
			);
			defaultConfigurationIsVisible = 0;
			defaultConfigurationName = Release;
		};
		5FCB2D8C1E7C3A9E00190E06 /* Build configuration list for PBXAggregateTarget "APSlidableTabPageControllerFramework_tvOS" */ = {
			isa = XCConfigurationList;
			buildConfigurations = (
				5FCB2D8A1E7C3A9E00190E06 /* Debug */,
				5FCB2D8B1E7C3A9E00190E06 /* Release */,
			);
			defaultConfigurationIsVisible = 0;
			defaultConfigurationName = Release;
		};
		5FCB2D911E7C3E9000190E06 /* Build configuration list for PBXAggregateTarget "APSlidableTabPageControllerFramework_iOS" */ = {
			isa = XCConfigurationList;
			buildConfigurations = (
				5FCB2D921E7C3E9000190E06 /* Debug */,
				5FCB2D931E7C3E9000190E06 /* Release */,
			);
			defaultConfigurationIsVisible = 0;
			defaultConfigurationName = Release;
		};
/* End XCConfigurationList section */
	};
	rootObject = 5FA8E4EE1C50F41400DCE0E5 /* Project object */;
}
